Microsoft Visual Studio Solution File, Format Version 12.00
# Visual Studio Version 17
VisualStudioVersion = 17.5.2.0
MinimumVisualStudioVersion = 10.0.40219.1
Project("{2150E333-8FDC-42A3-9474-1A3956D46DE8}") = "src", "src", "{827E0CD3-B72D-47B6-A68D-7590B98EB39B}"
EndProject
Project("{2150E333-8FDC-42A3-9474-1A3956D46DE8}") = "test", "test", "{0C88DD14-F956-CE84-757C-A364CCF449FC}"
EndProject
Project("{FAE04EC0-301F-11D3-BF4B-00C04F79EFBC}") = "DSDeathOverlay", "src\DSDeathOverlay\DSDeathOverlay.csproj", "{292CDFC1-4631-BD76-0C29-164B61C595AA}"
EndProject
Project("{FAE04EC0-301F-11D3-BF4B-00C04F79EFBC}") = "DSDeathOverlay.Tests", "test\DSDeathOverlay.Tests\DSDeathOverlay.Tests.csproj", "{AE662835-8FE6-A99B-3D81-94056937F9CB}"
EndProject
Global
	GlobalSection(SolutionConfigurationPlatforms) = preSolution
		Debug|Any CPU = Debug|Any CPU
		Release|Any CPU = Release|Any CPU
	EndGlobalSection
	GlobalSection(ProjectConfigurationPlatforms) = postSolution
		{292CDFC1-4631-BD76-0C29-164B61C595AA}.Debug|Any CPU.ActiveCfg = Debug|Any CPU
		{292CDFC1-4631-BD76-0C29-164B61C595AA}.Debug|Any CPU.Build.0 = Debug|Any CPU
		{292CDFC1-4631-BD76-0C29-164B61C595AA}.Release|Any CPU.ActiveCfg = Release|Any CPU
		{292CDFC1-4631-BD76-0C29-164B61C595AA}.Release|Any CPU.Build.0 = Release|Any CPU
		{AE662835-8FE6-A99B-3D81-94056937F9CB}.Debug|Any CPU.ActiveCfg = Debug|Any CPU
		{AE662835-8FE6-A99B-3D81-94056937F9CB}.Debug|Any CPU.Build.0 = Debug|Any CPU
		{AE662835-8FE6-A99B-3D81-94056937F9CB}.Release|Any CPU.ActiveCfg = Release|Any CPU
		{AE662835-8FE6-A99B-3D81-94056937F9CB}.Release|Any CPU.Build.0 = Release|Any CPU
	EndGlobalSection
	GlobalSection(SolutionProperties) = preSolution
		HideSolutionNode = FALSE
	EndGlobalSection
	GlobalSection(NestedProjects) = preSolution
		{292CDFC1-4631-BD76-0C29-164B61C595AA} = {827E0CD3-B72D-47B6-A68D-7590B98EB39B}
		{AE662835-8FE6-A99B-3D81-94056937F9CB} = {0C88DD14-F956-CE84-757C-A364CCF449FC}
	EndGlobalSection
	GlobalSection(ExtensibilityGlobals) = postSolution
		SolutionGuid = {BB3C93F8-4A93-45A2-8056-E50906ACFD56}
	EndGlobalSection
EndGlobal
